
Microsoft Visual Studio Solution File, Format Version 12.00
# Visual Studio Version 16
VisualStudioVersion = 16.0.30804.86
MinimumVisualStudioVersion = 10.0.40219.1
Project("{FAE04EC0-301F-11D3-BF4B-00C04F79EFBC}") = "DataAccess", "DataAccess\DataAccess.csproj", "{18308106-B361-4EE8-B4A1-3E136C3FC63F}"
EndProject
Project("{FAE04EC0-301F-11D3-BF4B-00C04F79EFBC}") = "Business", "Business\Business.csproj", "{4676AAA0-7B6E-4153-8A8F-C94B6B11B050}"
EndProject
Project("{FAE04EC0-301F-11D3-BF4B-00C04F79EFBC}") = "Entities", "Entities\Entities.csproj", "{F3630983-8612-43B1-ACB1-A4CA989C3526}"
EndProject
Project("{FAE04EC0-301F-11D3-BF4B-00C04F79EFBC}") = "ConsoleUI", "ConsoleUI\ConsoleUI.csproj", "{B9A9A59C-A9BB-4E33-BBF2-226250C1C427}"
EndProject
Global
	GlobalSection(SolutionConfigurationPlatforms) = preSolution
		Debug|Any CPU = Debug|Any CPU
		Release|Any CPU = Release|Any CPU
	EndGlobalSection
	GlobalSection(ProjectConfigurationPlatforms) = postSolution
		{18308106-B361-4EE8-B4A1-3E136C3FC63F}.Debug|Any CPU.ActiveCfg = Debug|Any CPU
		{18308106-B361-4EE8-B4A1-3E136C3FC63F}.Debug|Any CPU.Build.0 = Debug|Any CPU
		{18308106-B361-4EE8-B4A1-3E136C3FC63F}.Release|Any CPU.ActiveCfg = Release|Any CPU
		{18308106-B361-4EE8-B4A1-3E136C3FC63F}.Release|Any CPU.Build.0 = Release|Any CPU
		{4676AAA0-7B6E-4153-8A8F-C94B6B11B050}.Debug|Any CPU.ActiveCfg = Debug|Any CPU
		{4676AAA0-7B6E-4153-8A8F-C94B6B11B050}.Debug|Any CPU.Build.0 = Debug|Any CPU
		{4676AAA0-7B6E-4153-8A8F-C94B6B11B050}.Release|Any CPU.ActiveCfg = Release|Any CPU
		{4676AAA0-7B6E-4153-8A8F-C94B6B11B050}.Release|Any CPU.Build.0 = Release|Any CPU
		{F3630983-8612-43B1-ACB1-A4CA989C3526}.Debug|Any CPU.ActiveCfg = Debug|Any CPU
		{F3630983-8612-43B1-ACB1-A4CA989C3526}.Debug|Any CPU.Build.0 = Debug|Any CPU
		{F3630983-8612-43B1-ACB1-A4CA989C3526}.Release|Any CPU.ActiveCfg = Release|Any CPU
		{F3630983-8612-43B1-ACB1-A4CA989C3526}.Release|Any CPU.Build.0 = Release|Any CPU
		{B9A9A59C-A9BB-4E33-BBF2-226250C1C427}.Debug|Any CPU.ActiveCfg = Debug|Any CPU
		{B9A9A59C-A9BB-4E33-BBF2-226250C1C427}.Debug|Any CPU.Build.0 = Debug|Any CPU
		{B9A9A59C-A9BB-4E33-BBF2-226250C1C427}.Release|Any CPU.ActiveCfg = Release|Any CPU
		{B9A9A59C-A9BB-4E33-BBF2-226250C1C427}.Release|Any CPU.Build.0 = Release|Any CPU
	EndGlobalSection
	GlobalSection(SolutionProperties) = preSolution
		HideSolutionNode = FALSE
	EndGlobalSection
	GlobalSection(ExtensibilityGlobals) = postSolution
		SolutionGuid = {0A8BAF60-5C08-405D-816D-575C465F5E1A}
	EndGlobalSection
EndGlobal
